
Microsoft Visual Studio Solution File, Format Version 12.00
# Visual Studio 15
VisualStudioVersion = 15.0.27703.2026
MinimumVisualStudioVersion = 10.0.40219.1
Project("{8BC9CEB8-8B4A-11D0-8D11-00A0C91BC942}") = "PatronSingleton-Ej2", "PatronSingleton-Ej2\PatronSingleton-Ej2.vcxproj", "{0E423781-257B-4D11-B503-58F30FF1F59B}"
EndProject
Global
	GlobalSection(SolutionConfigurationPlatforms) = preSolution
		Debug|x64 = Debug|x64
		Debug|x86 = Debug|x86
		Release|x64 = Release|x64
		Release|x86 = Release|x86
	EndGlobalSection
	GlobalSection(ProjectConfigurationPlatforms) = postSolution
		{0E423781-257B-4D11-B503-58F30FF1F59B}.Debug|x64.ActiveCfg = Debug|x64
		{0E423781-257B-4D11-B503-58F30FF1F59B}.Debug|x64.Build.0 = Debug|x64
		{0E423781-257B-4D11-B503-58F30FF1F59B}.Debug|x86.ActiveCfg = Debug|Win32
		{0E423781-257B-4D11-B503-58F30FF1F59B}.Debug|x86.Build.0 = Debug|Win32
		{0E423781-257B-4D11-B503-58F30FF1F59B}.Release|x64.ActiveCfg = Release|x64
		{0E423781-257B-4D11-B503-58F30FF1F59B}.Release|x64.Build.0 = Release|x64
		{0E423781-257B-4D11-B503-58F30FF1F59B}.Release|x86.ActiveCfg = Release|Win32
		{0E423781-257B-4D11-B503-58F30FF1F59B}.Release|x86.Build.0 = Release|Win32
	EndGlobalSection
	GlobalSection(SolutionProperties) = preSolution
		HideSolutionNode = FALSE
	EndGlobalSection
	GlobalSection(ExtensibilityGlobals) = postSolution
		SolutionGuid = {B663482D-7FC1-4D29-BA52-B38AF5DBE283}
	EndGlobalSection
EndGlobal
